
Microsoft Visual Studio Solution File, Format Version 12.00
Project("{FAE04EC0-301F-11D3-BF4B-00C04F79EFBC}") = "TeachMe", "TeachMe\TeachMe.csproj", "{E21572FA-3DFA-4DBE-8AD9-5549341EF5A5}"
EndProject
Project("{FAE04EC0-301F-11D3-BF4B-00C04F79EFBC}") = "Domain.Core", "Domain.Core\Domain.Core.csproj", "{E91FFFB0-2195-402F-8542-A3693790252A}"
EndProject
Global
	GlobalSection(SolutionConfigurationPlatforms) = preSolution
		Debug|Any CPU = Debug|Any CPU
		Release|Any CPU = Release|Any CPU
	EndGlobalSection
	GlobalSection(ProjectConfigurationPlatforms) = postSolution
		{E21572FA-3DFA-4DBE-8AD9-5549341EF5A5}.Debug|Any CPU.ActiveCfg = Debug|Any CPU
		{E21572FA-3DFA-4DBE-8AD9-5549341EF5A5}.Debug|Any CPU.Build.0 = Debug|Any CPU
		{E21572FA-3DFA-4DBE-8AD9-5549341EF5A5}.Release|Any CPU.ActiveCfg = Release|Any CPU
		{E21572FA-3DFA-4DBE-8AD9-5549341EF5A5}.Release|Any CPU.Build.0 = Release|Any CPU
		{E91FFFB0-2195-402F-8542-A3693790252A}.Debug|Any CPU.ActiveCfg = Debug|Any CPU
		{E91FFFB0-2195-402F-8542-A3693790252A}.Debug|Any CPU.Build.0 = Debug|Any CPU
		{E91FFFB0-2195-402F-8542-A3693790252A}.Release|Any CPU.ActiveCfg = Release|Any CPU
		{E91FFFB0-2195-402F-8542-A3693790252A}.Release|Any CPU.Build.0 = Release|Any CPU
	EndGlobalSection
EndGlobal
